
Microsoft Visual Studio Solution File, Format Version 12.00
# Visual Studio Version 17
VisualStudioVersion = 17.0.31903.59
MinimumVisualStudioVersion = 10.0.40219.1
Project("{2150E333-8FDC-42A3-9474-1A3956D46DE8}") = "src", "src", "{BFF6BFF4-18E5-4881-9EF5-E80F943E3691}"
EndProject
Project("{FAE04EC0-301F-11D3-BF4B-00C04F79EFBC}") = "Ecommerce.OrderService.API", "src\Ecommerce.OrderService.API\Ecommerce.OrderService.API.csproj", "{78F0F958-A379-4FEC-A3F4-3853843A2127}"
EndProject
Project("{FAE04EC0-301F-11D3-BF4B-00C04F79EFBC}") = "Ecommerce.OrderService.DataLayer", "src\Ecommerce.OrderService.DataLayer\Ecommerce.OrderService.DataLayer.csproj", "{E4E077FB-7CC5-4557-B602-355D7699A36A}"
EndProject
Project("{FAE04EC0-301F-11D3-BF4B-00C04F79EFBC}") = "Ecommerce.OrderService.BusinessLogicLayer", "src\Ecommerce.OrderService.BusinessLogicLayer\Ecommerce.OrderService.BusinessLogicLayer.csproj", "{D3712B8E-EAF9-4CCA-8C83-820D11A43621}"
EndProject
Global
	GlobalSection(SolutionConfigurationPlatforms) = preSolution
		Debug|Any CPU = Debug|Any CPU
		Release|Any CPU = Release|Any CPU
	EndGlobalSection
	GlobalSection(SolutionProperties) = preSolution
		HideSolutionNode = FALSE
	EndGlobalSection
	GlobalSection(ProjectConfigurationPlatforms) = postSolution
		{78F0F958-A379-4FEC-A3F4-3853843A2127}.Debug|Any CPU.ActiveCfg = Debug|Any CPU
		{78F0F958-A379-4FEC-A3F4-3853843A2127}.Debug|Any CPU.Build.0 = Debug|Any CPU
		{78F0F958-A379-4FEC-A3F4-3853843A2127}.Release|Any CPU.ActiveCfg = Release|Any CPU
		{78F0F958-A379-4FEC-A3F4-3853843A2127}.Release|Any CPU.Build.0 = Release|Any CPU
		{E4E077FB-7CC5-4557-B602-355D7699A36A}.Debug|Any CPU.ActiveCfg = Debug|Any CPU
		{E4E077FB-7CC5-4557-B602-355D7699A36A}.Debug|Any CPU.Build.0 = Debug|Any CPU
		{E4E077FB-7CC5-4557-B602-355D7699A36A}.Release|Any CPU.ActiveCfg = Release|Any CPU
		{E4E077FB-7CC5-4557-B602-355D7699A36A}.Release|Any CPU.Build.0 = Release|Any CPU
		{D3712B8E-EAF9-4CCA-8C83-820D11A43621}.Debug|Any CPU.ActiveCfg = Debug|Any CPU
		{D3712B8E-EAF9-4CCA-8C83-820D11A43621}.Debug|Any CPU.Build.0 = Debug|Any CPU
		{D3712B8E-EAF9-4CCA-8C83-820D11A43621}.Release|Any CPU.ActiveCfg = Release|Any CPU
		{D3712B8E-EAF9-4CCA-8C83-820D11A43621}.Release|Any CPU.Build.0 = Release|Any CPU
	EndGlobalSection
	GlobalSection(NestedProjects) = preSolution
		{78F0F958-A379-4FEC-A3F4-3853843A2127} = {BFF6BFF4-18E5-4881-9EF5-E80F943E3691}
		{E4E077FB-7CC5-4557-B602-355D7699A36A} = {BFF6BFF4-18E5-4881-9EF5-E80F943E3691}
		{D3712B8E-EAF9-4CCA-8C83-820D11A43621} = {BFF6BFF4-18E5-4881-9EF5-E80F943E3691}
	EndGlobalSection
EndGlobal
